
Microsoft Visual Studio Solution File, Format Version 12.00
# Visual Studio Version 17
VisualStudioVersion = 17.4.33403.182
MinimumVisualStudioVersion = 10.0.40219.1
Project("{FAE04EC0-301F-11D3-BF4B-00C04F79EFBC}") = "portfolio", "portfolio\portfolio.csproj", "{7E63C9DD-2295-49AE-A368-F57ADA9B426A}"
EndProject
Global
	GlobalSection(SolutionConfigurationPlatforms) = preSolution
		Debug|Any CPU = Debug|Any CPU
		Release|Any CPU = Release|Any CPU
	EndGlobalSection
	GlobalSection(ProjectConfigurationPlatforms) = postSolution
		{7E63C9DD-2295-49AE-A368-F57ADA9B426A}.Debug|Any CPU.ActiveCfg = Debug|Any CPU
		{7E63C9DD-2295-49AE-A368-F57ADA9B426A}.Debug|Any CPU.Build.0 = Debug|Any CPU
		{7E63C9DD-2295-49AE-A368-F57ADA9B426A}.Release|Any CPU.ActiveCfg = Release|Any CPU
		{7E63C9DD-2295-49AE-A368-F57ADA9B426A}.Release|Any CPU.Build.0 = Release|Any CPU
	EndGlobalSection
	GlobalSection(SolutionProperties) = preSolution
		HideSolutionNode = FALSE
	EndGlobalSection
	GlobalSection(ExtensibilityGlobals) = postSolution
		SolutionGuid = {FCD7791F-C490-41E8-95C2-EA7BEAC8F6E5}
	EndGlobalSection
EndGlobal
